
Microsoft Visual Studio Solution File, Format Version 12.00
# Visual Studio Version 17
Project("{8BC9CEB8-8B4A-11D0-8D11-00A0C91BC942}") = "ALL_BUILD", "ALL_BUILD.vcxproj", "{184C8C9E-7BD9-3DAF-A65D-58BC5459DEC5}"
	ProjectSection(ProjectDependencies) = postProject
		{B603BF17-A7A7-30BC-AF6B-E633406F26E8} = {B603BF17-A7A7-30BC-AF6B-E633406F26E8}
		{EC7E5FA8-E575-300D-AA23-E47E57E899D6} = {EC7E5FA8-E575-300D-AA23-E47E57E899D6}
	EndProjectSection
EndProject
Project("{8BC9CEB8-8B4A-11D0-8D11-00A0C91BC942}") = "INSTALL", "INSTALL.vcxproj", "{8C913234-7DBE-32DB-9453-8137AC42244E}"
	ProjectSection(ProjectDependencies) = postProject
		{184C8C9E-7BD9-3DAF-A65D-58BC5459DEC5} = {184C8C9E-7BD9-3DAF-A65D-58BC5459DEC5}
		{B603BF17-A7A7-30BC-AF6B-E633406F26E8} = {B603BF17-A7A7-30BC-AF6B-E633406F26E8}
	EndProjectSection
EndProject
Project("{8BC9CEB8-8B4A-11D0-8D11-00A0C91BC942}") = "ZERO_CHECK", "..\..\\ZERO_CHECK.vcxproj", "{B603BF17-A7A7-30BC-AF6B-E633406F26E8}"
	ProjectSection(ProjectDependencies) = postProject
	EndProjectSection
EndProject
Project("{8BC9CEB8-8B4A-11D0-8D11-00A0C91BC942}") = "zlibstatic", "zlibstatic.vcxproj", "{EC7E5FA8-E575-300D-AA23-E47E57E899D6}"
	ProjectSection(ProjectDependencies) = postProject
		{B603BF17-A7A7-30BC-AF6B-E633406F26E8} = {B603BF17-A7A7-30BC-AF6B-E633406F26E8}
	EndProjectSection
EndProject
Global
	GlobalSection(SolutionConfigurationPlatforms) = preSolution
		Debug|x64 = Debug|x64
		Release|x64 = Release|x64
		MinSizeRel|x64 = MinSizeRel|x64
		RelWithDebInfo|x64 = RelWithDebInfo|x64
	EndGlobalSection
	GlobalSection(ProjectConfigurationPlatforms) = postSolution
		{184C8C9E-7BD9-3DAF-A65D-58BC5459DEC5}.Debug|x64.ActiveCfg = Debug|x64
		{184C8C9E-7BD9-3DAF-A65D-58BC5459DEC5}.Debug|x64.Build.0 = Debug|x64
		{184C8C9E-7BD9-3DAF-A65D-58BC5459DEC5}.Release|x64.ActiveCfg = Release|x64
		{184C8C9E-7BD9-3DAF-A65D-58BC5459DEC5}.Release|x64.Build.0 = Release|x64
		{184C8C9E-7BD9-3DAF-A65D-58BC5459DEC5}.MinSizeRel|x64.ActiveCfg = MinSizeRel|x64
		{184C8C9E-7BD9-3DAF-A65D-58BC5459DEC5}.MinSizeRel|x64.Build.0 = MinSizeRel|x64
		{184C8C9E-7BD9-3DAF-A65D-58BC5459DEC5}.RelWithDebInfo|x64.ActiveCfg = RelWithDebInfo|x64
		{184C8C9E-7BD9-3DAF-A65D-58BC5459DEC5}.RelWithDebInfo|x64.Build.0 = RelWithDebInfo|x64
		{8C913234-7DBE-32DB-9453-8137AC42244E}.Debug|x64.ActiveCfg = Debug|x64
		{8C913234-7DBE-32DB-9453-8137AC42244E}.Release|x64.ActiveCfg = Release|x64
		{8C913234-7DBE-32DB-9453-8137AC42244E}.MinSizeRel|x64.ActiveCfg = MinSizeRel|x64
		{8C913234-7DBE-32DB-9453-8137AC42244E}.RelWithDebInfo|x64.ActiveCfg = RelWithDebInfo|x64
		{B603BF17-A7A7-30BC-AF6B-E633406F26E8}.Debug|x64.ActiveCfg = Debug|x64
		{B603BF17-A7A7-30BC-AF6B-E633406F26E8}.Debug|x64.Build.0 = Debug|x64
		{B603BF17-A7A7-30BC-AF6B-E633406F26E8}.Release|x64.ActiveCfg = Release|x64
		{B603BF17-A7A7-30BC-AF6B-E633406F26E8}.Release|x64.Build.0 = Release|x64
		{B603BF17-A7A7-30BC-AF6B-E633406F26E8}.MinSizeRel|x64.ActiveCfg = MinSizeRel|x64
		{B603BF17-A7A7-30BC-AF6B-E633406F26E8}.MinSizeRel|x64.Build.0 = MinSizeRel|x64
		{B603BF17-A7A7-30BC-AF6B-E633406F26E8}.RelWithDebInfo|x64.ActiveCfg = RelWithDebInfo|x64
		{B603BF17-A7A7-30BC-AF6B-E633406F26E8}.RelWithDebInfo|x64.Build.0 = RelWithDebInfo|x64
		{EC7E5FA8-E575-300D-AA23-E47E57E899D6}.Debug|x64.ActiveCfg = Debug|x64
		{EC7E5FA8-E575-300D-AA23-E47E57E899D6}.Debug|x64.Build.0 = Debug|x64
		{EC7E5FA8-E575-300D-AA23-E47E57E899D6}.Release|x64.ActiveCfg = Release|x64
		{EC7E5FA8-E575-300D-AA23-E47E57E899D6}.Release|x64.Build.0 = Release|x64
		{EC7E5FA8-E575-300D-AA23-E47E57E899D6}.MinSizeRel|x64.ActiveCfg = MinSizeRel|x64
		{EC7E5FA8-E575-300D-AA23-E47E57E899D6}.MinSizeRel|x64.Build.0 = MinSizeRel|x64
		{EC7E5FA8-E575-300D-AA23-E47E57E899D6}.RelWithDebInfo|x64.ActiveCfg = RelWithDebInfo|x64
		{EC7E5FA8-E575-300D-AA23-E47E57E899D6}.RelWithDebInfo|x64.Build.0 = RelWithDebInfo|x64
	EndGlobalSection
	GlobalSection(ExtensibilityGlobals) = postSolution
		SolutionGuid = {EE4479C5-3156-34E0-A6D1-18C87DF6D3C9}
	EndGlobalSection
	GlobalSection(ExtensibilityAddIns) = postSolution
	EndGlobalSection
EndGlobal
