<?xml version="1.0" encoding="utf-8"?>
<Project ToolsVersion="17.0" xmlns="http://schemas.microsoft.com/developer/msbuild/2003">
  <ItemGroup>
    <CustomBuild Include="C:\Users\Asus\Engine\Dependecies\assimp\CMakeFiles\2f7c8832b54be6d7d43b00e85ff4b6fe\INSTALL_force.rule">
      <Filter>CMake Rules</Filter>
    </CustomBuild>
  </ItemGroup>
  <ItemGroup>
    <Filter Include="CMake Rules">
      <UniqueIdentifier>{5688F071-C3C4-33E0-A1B2-573CE25914A6}</UniqueIdentifier>
    </Filter>
  </ItemGroup>
</Project>
